// !$*UTF8*$!
{
	archiveVersion = 1;
	classes = {
	};
	objectVersion = 56;
	objects = {

/* Begin PBXBuildFile section */
		36004B422B9000DF00423AB1 /* PodView.swift in Sources */ = {isa = PBXBuildFile; fileRef = 36004B412B9000DF00423AB1 /* PodView.swift */; };
		360AB80C2B7DAFE800B65DF8 /* AltCameraView.swift in Sources */ = {isa = PBXBuildFile; fileRef = 360AB80B2B7DAFE800B65DF8 /* AltCameraView.swift */; };
		361507282B7DBA270060974A /* CameraViewModel.swift in Sources */ = {isa = PBXBuildFile; fileRef = 361507272B7DBA270060974A /* CameraViewModel.swift */; };
		3615072E2B7EE48E0060974A /* CreatePodView.swift in Sources */ = {isa = PBXBuildFile; fileRef = 3615072D2B7EE48E0060974A /* CreatePodView.swift */; };
		362170AF2B90EF0C00DA93EE /* ItemView.swift in Sources */ = {isa = PBXBuildFile; fileRef = 362170AE2B90EF0C00DA93EE /* ItemView.swift */; };
		362170B22B90F91700DA93EE /* vid.mp4 in Resources */ = {isa = PBXBuildFile; fileRef = 362170B02B90F81C00DA93EE /* vid.mp4 */; };
		36291B802B8166F9000B5F38 /* CarouselView.swift in Sources */ = {isa = PBXBuildFile; fileRef = 36291B7F2B8166F9000B5F38 /* CarouselView.swift */; };
		3629CE982BCECCA100040725 /* UploadViewModel.swift in Sources */ = {isa = PBXBuildFile; fileRef = 3629CE972BCECCA100040725 /* UploadViewModel.swift */; };
		3638893F2BAA8E6A0062631B /* VideoEditorViewController.swift in Sources */ = {isa = PBXBuildFile; fileRef = 3638893E2BAA8E6A0062631B /* VideoEditorViewController.swift */; };
		363889412BAA92010062631B /* VideoEditorRepresentable.swift in Sources */ = {isa = PBXBuildFile; fileRef = 363889402BAA92010062631B /* VideoEditorRepresentable.swift */; };
		3642C2212B99FB0100D059B9 /* NetworkManager.swift in Sources */ = {isa = PBXBuildFile; fileRef = 3642C2202B99FB0100D059B9 /* NetworkManager.swift */; };
		3642C2242B9BD8AC00D059B9 /* LoginView.swift in Sources */ = {isa = PBXBuildFile; fileRef = 3642C2232B9BD8AC00D059B9 /* LoginView.swift */; };
		3642C2272B9D3C1800D059B9 /* HomeViewModel.swift in Sources */ = {isa = PBXBuildFile; fileRef = 3642C2262B9D3C1800D059B9 /* HomeViewModel.swift */; };
		364BC1F72BB27E0B0027133F /* SharedViewModel.swift in Sources */ = {isa = PBXBuildFile; fileRef = 364BC1F62BB27E0B0027133F /* SharedViewModel.swift */; };
		3682C8672BBAE45200B350E2 /* PodItemView.swift in Sources */ = {isa = PBXBuildFile; fileRef = 3682C8662BBAE45200B350E2 /* PodItemView.swift */; };
		3682C8692BBAE68C00B350E2 /* PodItemCell.swift in Sources */ = {isa = PBXBuildFile; fileRef = 3682C8682BBAE68C00B350E2 /* PodItemCell.swift */; };
		3682C86C2BBAED7100B350E2 /* CustomVideoPlayer.swift in Sources */ = {isa = PBXBuildFile; fileRef = 3682C86B2BBAED7100B350E2 /* CustomVideoPlayer.swift */; };
		3682F09D2B8403D400ABF344 /* CameraContainerView.swift in Sources */ = {isa = PBXBuildFile; fileRef = 3682F09C2B8403D400ABF344 /* CameraContainerView.swift */; };
		3682F0A32B84173100ABF344 /* Podfile in Resources */ = {isa = PBXBuildFile; fileRef = 3682F0A22B84173100ABF344 /* Podfile */; };
		368A27332B9597CE0001BBCA /* pods-logo.png in Resources */ = {isa = PBXBuildFile; fileRef = 368A27322B9597CE0001BBCA /* pods-logo.png */; };
		368A27372B977F5A0001BBCA /* LandingView.swift in Sources */ = {isa = PBXBuildFile; fileRef = 368A27362B977F5A0001BBCA /* LandingView.swift */; };
		368A27392B9818330001BBCA /* InfoView.swift in Sources */ = {isa = PBXBuildFile; fileRef = 368A27382B9818330001BBCA /* InfoView.swift */; };
		368D67182BDCC454000434E0 /* PodItemCellImage.swift in Sources */ = {isa = PBXBuildFile; fileRef = 368D67172BDCC454000434E0 /* PodItemCellImage.swift */; };
		3696B9592B98306C00D211D7 /* SignupView.swift in Sources */ = {isa = PBXBuildFile; fileRef = 3696B9582B98306C00D211D7 /* SignupView.swift */; };
		3696B95B2B9836F000D211D7 /* EmailVerificationView.swift in Sources */ = {isa = PBXBuildFile; fileRef = 3696B95A2B9836F000D211D7 /* EmailVerificationView.swift */; };
		3696B9612B99939600D211D7 /* OnboardingViewModel.swift in Sources */ = {isa = PBXBuildFile; fileRef = 3696B9602B99939600D211D7 /* OnboardingViewModel.swift */; };
		3696B9632B99990E00D211D7 /* MainOnboardingView.swift in Sources */ = {isa = PBXBuildFile; fileRef = 3696B9622B99990E00D211D7 /* MainOnboardingView.swift */; };
		3696B9652B999B3A00D211D7 /* WelcomeView.swift in Sources */ = {isa = PBXBuildFile; fileRef = 3696B9642B999B3A00D211D7 /* WelcomeView.swift */; };
		36C458BA2B7421100060355F /* podsApp.swift in Sources */ = {isa = PBXBuildFile; fileRef = 36C458B92B7421100060355F /* podsApp.swift */; };
		36C458BC2B7421100060355F /* ContentView.swift in Sources */ = {isa = PBXBuildFile; fileRef = 36C458BB2B7421100060355F /* ContentView.swift */; };
		36C458BE2B7421110060355F /* Assets.xcassets in Resources */ = {isa = PBXBuildFile; fileRef = 36C458BD2B7421110060355F /* Assets.xcassets */; };
		36C458C12B7421110060355F /* Preview Assets.xcassets in Resources */ = {isa = PBXBuildFile; fileRef = 36C458C02B7421110060355F /* Preview Assets.xcassets */; };
		36C458CB2B7421110060355F /* podsTests.swift in Sources */ = {isa = PBXBuildFile; fileRef = 36C458CA2B7421110060355F /* podsTests.swift */; };
		36C458D52B7421110060355F /* podsUITests.swift in Sources */ = {isa = PBXBuildFile; fileRef = 36C458D42B7421110060355F /* podsUITests.swift */; };
		36C458D72B7421110060355F /* podsUITestsLaunchTests.swift in Sources */ = {isa = PBXBuildFile; fileRef = 36C458D62B7421110060355F /* podsUITestsLaunchTests.swift */; };
		36C458E42B7457580060355F /* HomeView.swift in Sources */ = {isa = PBXBuildFile; fileRef = 36C458E32B7457580060355F /* HomeView.swift */; };
		36C458E62B7458720060355F /* CameraView.swift in Sources */ = {isa = PBXBuildFile; fileRef = 36C458E52B7458720060355F /* CameraView.swift */; };
		36C458E82B746B7C0060355F /* CustomTabBar.swift in Sources */ = {isa = PBXBuildFile; fileRef = 36C458E72B746B7C0060355F /* CustomTabBar.swift */; };
		36C458EA2B746D650060355F /* ProfileView.swift in Sources */ = {isa = PBXBuildFile; fileRef = 36C458E92B746D650060355F /* ProfileView.swift */; };
		36E97C752BB3B5E7003CDAB9 /* PhotoEditorViewController.swift in Sources */ = {isa = PBXBuildFile; fileRef = 36E97C742BB3B5E7003CDAB9 /* PhotoEditorViewController.swift */; };
		36E97C772BB3BC0C003CDAB9 /* PhotoEditorRepresentable.swift in Sources */ = {isa = PBXBuildFile; fileRef = 36E97C762BB3BC0C003CDAB9 /* PhotoEditorRepresentable.swift */; };
		36EAFD402B79BEAC0001013F /* VideoPreviewView.swift in Sources */ = {isa = PBXBuildFile; fileRef = 36EAFD3F2B79BEAC0001013F /* VideoPreviewView.swift */; };
		6E189C12BD52D61C63F9F9D6 /* Pods_pods.framework in Frameworks */ = {isa = PBXBuildFile; fileRef = 58EA895ACCFC6EAF5E0BA4AF /* Pods_pods.framework */; };
		993D36B04429BBA2F60D3C78 /* Pods_podsTests.framework in Frameworks */ = {isa = PBXBuildFile; fileRef = 2330B374B8A4F2AA057F33F8 /* Pods_podsTests.framework */; };
		C6F40F10DA8644A3BA767508 /* Pods_pods_podsUITests.framework in Frameworks */ = {isa = PBXBuildFile; fileRef = 235692826E2BB2BFC29AD543 /* Pods_pods_podsUITests.framework */; };
/* End PBXBuildFile section */

/* Begin PBXContainerItemProxy section */
		36C458C72B7421110060355F /* PBXContainerItemProxy */ = {
			isa = PBXContainerItemProxy;
			containerPortal = 36C458AE2B7421100060355F /* Project object */;
			proxyType = 1;
			remoteGlobalIDString = 36C458B52B7421100060355F;
			remoteInfo = pods;
		};
		36C458D12B7421110060355F /* PBXContainerItemProxy */ = {
			isa = PBXContainerItemProxy;
			containerPortal = 36C458AE2B7421100060355F /* Project object */;
			proxyType = 1;
			remoteGlobalIDString = 36C458B52B7421100060355F;
			remoteInfo = pods;
		};
/* End PBXContainerItemProxy section */

/* Begin PBXFileReference section */
		0F703D10ADA524ACB9298442 /* Pods-pods-podsUITests.release.xcconfig */ = {isa = PBXFileReference; includeInIndex = 1; lastKnownFileType = text.xcconfig; name = "Pods-pods-podsUITests.release.xcconfig"; path = "Target Support Files/Pods-pods-podsUITests/Pods-pods-podsUITests.release.xcconfig"; sourceTree = "<group>"; };
		2330B374B8A4F2AA057F33F8 /* Pods_podsTests.framework */ = {isa = PBXFileReference; explicitFileType = wrapper.framework; includeInIndex = 0; path = Pods_podsTests.framework; sourceTree = BUILT_PRODUCTS_DIR; };
		235692826E2BB2BFC29AD543 /* Pods_pods_podsUITests.framework */ = {isa = PBXFileReference; explicitFileType = wrapper.framework; includeInIndex = 0; path = Pods_pods_podsUITests.framework; sourceTree = BUILT_PRODUCTS_DIR; };
		318FA7B7FE47A42EB705EC9E /* Pods-pods-podsUITests.debug.xcconfig */ = {isa = PBXFileReference; includeInIndex = 1; lastKnownFileType = text.xcconfig; name = "Pods-pods-podsUITests.debug.xcconfig"; path = "Target Support Files/Pods-pods-podsUITests/Pods-pods-podsUITests.debug.xcconfig"; sourceTree = "<group>"; };
		36004B412B9000DF00423AB1 /* PodView.swift */ = {isa = PBXFileReference; lastKnownFileType = sourcecode.swift; path = PodView.swift; sourceTree = "<group>"; };
		360AB80B2B7DAFE800B65DF8 /* AltCameraView.swift */ = {isa = PBXFileReference; lastKnownFileType = sourcecode.swift; path = AltCameraView.swift; sourceTree = "<group>"; };
		361507272B7DBA270060974A /* CameraViewModel.swift */ = {isa = PBXFileReference; lastKnownFileType = sourcecode.swift; path = CameraViewModel.swift; sourceTree = "<group>"; };
		3615072D2B7EE48E0060974A /* CreatePodView.swift */ = {isa = PBXFileReference; lastKnownFileType = sourcecode.swift; path = CreatePodView.swift; sourceTree = "<group>"; };
		362170AE2B90EF0C00DA93EE /* ItemView.swift */ = {isa = PBXFileReference; lastKnownFileType = sourcecode.swift; path = ItemView.swift; sourceTree = "<group>"; };
		362170B02B90F81C00DA93EE /* vid.mp4 */ = {isa = PBXFileReference; lastKnownFileType = file; path = vid.mp4; sourceTree = "<group>"; };
		36291B7F2B8166F9000B5F38 /* CarouselView.swift */ = {isa = PBXFileReference; lastKnownFileType = sourcecode.swift; path = CarouselView.swift; sourceTree = "<group>"; };
		3629CE972BCECCA100040725 /* UploadViewModel.swift */ = {isa = PBXFileReference; lastKnownFileType = sourcecode.swift; path = UploadViewModel.swift; sourceTree = "<group>"; };
		3638893E2BAA8E6A0062631B /* VideoEditorViewController.swift */ = {isa = PBXFileReference; lastKnownFileType = sourcecode.swift; path = VideoEditorViewController.swift; sourceTree = "<group>"; };
		363889402BAA92010062631B /* VideoEditorRepresentable.swift */ = {isa = PBXFileReference; lastKnownFileType = sourcecode.swift; path = VideoEditorRepresentable.swift; sourceTree = "<group>"; };
		3642C2202B99FB0100D059B9 /* NetworkManager.swift */ = {isa = PBXFileReference; lastKnownFileType = sourcecode.swift; name = NetworkManager.swift; path = pods/NetworkManager.swift; sourceTree = SOURCE_ROOT; };
		3642C2232B9BD8AC00D059B9 /* LoginView.swift */ = {isa = PBXFileReference; lastKnownFileType = sourcecode.swift; path = LoginView.swift; sourceTree = "<group>"; };
		3642C2262B9D3C1800D059B9 /* HomeViewModel.swift */ = {isa = PBXFileReference; lastKnownFileType = sourcecode.swift; path = HomeViewModel.swift; sourceTree = "<group>"; };
		364BC1F62BB27E0B0027133F /* SharedViewModel.swift */ = {isa = PBXFileReference; lastKnownFileType = sourcecode.swift; path = SharedViewModel.swift; sourceTree = "<group>"; };
		3682C8662BBAE45200B350E2 /* PodItemView.swift */ = {isa = PBXFileReference; lastKnownFileType = sourcecode.swift; path = PodItemView.swift; sourceTree = "<group>"; };
		3682C8682BBAE68C00B350E2 /* PodItemCell.swift */ = {isa = PBXFileReference; lastKnownFileType = sourcecode.swift; path = PodItemCell.swift; sourceTree = "<group>"; };
		3682C86B2BBAED7100B350E2 /* CustomVideoPlayer.swift */ = {isa = PBXFileReference; lastKnownFileType = sourcecode.swift; path = CustomVideoPlayer.swift; sourceTree = "<group>"; };
		3682F09C2B8403D400ABF344 /* CameraContainerView.swift */ = {isa = PBXFileReference; lastKnownFileType = sourcecode.swift; path = CameraContainerView.swift; sourceTree = "<group>"; };
		3682F0A22B84173100ABF344 /* Podfile */ = {isa = PBXFileReference; fileEncoding = 4; lastKnownFileType = text; path = Podfile; sourceTree = SOURCE_ROOT; xcLanguageSpecificationIdentifier = xcode.lang.ruby; };
		368A27322B9597CE0001BBCA /* pods-logo.png */ = {isa = PBXFileReference; lastKnownFileType = image.png; name = "pods-logo.png"; path = "../../../../../Downloads/pods-logo.png"; sourceTree = "<group>"; };
		368A27362B977F5A0001BBCA /* LandingView.swift */ = {isa = PBXFileReference; lastKnownFileType = sourcecode.swift; path = LandingView.swift; sourceTree = "<group>"; };
		368A27382B9818330001BBCA /* InfoView.swift */ = {isa = PBXFileReference; lastKnownFileType = sourcecode.swift; path = InfoView.swift; sourceTree = "<group>"; };
		368D67172BDCC454000434E0 /* PodItemCellImage.swift */ = {isa = PBXFileReference; lastKnownFileType = sourcecode.swift; path = PodItemCellImage.swift; sourceTree = "<group>"; };
		3696B9582B98306C00D211D7 /* SignupView.swift */ = {isa = PBXFileReference; lastKnownFileType = sourcecode.swift; path = SignupView.swift; sourceTree = "<group>"; };
		3696B95A2B9836F000D211D7 /* EmailVerificationView.swift */ = {isa = PBXFileReference; lastKnownFileType = sourcecode.swift; path = EmailVerificationView.swift; sourceTree = "<group>"; };
		3696B9602B99939600D211D7 /* OnboardingViewModel.swift */ = {isa = PBXFileReference; lastKnownFileType = sourcecode.swift; path = OnboardingViewModel.swift; sourceTree = "<group>"; };
		3696B9622B99990E00D211D7 /* MainOnboardingView.swift */ = {isa = PBXFileReference; lastKnownFileType = sourcecode.swift; path = MainOnboardingView.swift; sourceTree = "<group>"; };
		3696B9642B999B3A00D211D7 /* WelcomeView.swift */ = {isa = PBXFileReference; lastKnownFileType = sourcecode.swift; path = WelcomeView.swift; sourceTree = "<group>"; };
		36C458B62B7421100060355F /* pods.app */ = {isa = PBXFileReference; explicitFileType = wrapper.application; includeInIndex = 0; path = pods.app; sourceTree = BUILT_PRODUCTS_DIR; };
		36C458B92B7421100060355F /* podsApp.swift */ = {isa = PBXFileReference; lastKnownFileType = sourcecode.swift; path = podsApp.swift; sourceTree = "<group>"; };
		36C458BB2B7421100060355F /* ContentView.swift */ = {isa = PBXFileReference; lastKnownFileType = sourcecode.swift; path = ContentView.swift; sourceTree = "<group>"; };
		36C458BD2B7421110060355F /* Assets.xcassets */ = {isa = PBXFileReference; lastKnownFileType = folder.assetcatalog; path = Assets.xcassets; sourceTree = "<group>"; };
		36C458C02B7421110060355F /* Preview Assets.xcassets */ = {isa = PBXFileReference; lastKnownFileType = folder.assetcatalog; path = "Preview Assets.xcassets"; sourceTree = "<group>"; };
		36C458C62B7421110060355F /* podsTests.xctest */ = {isa = PBXFileReference; explicitFileType = wrapper.cfbundle; includeInIndex = 0; path = podsTests.xctest; sourceTree = BUILT_PRODUCTS_DIR; };
		36C458CA2B7421110060355F /* podsTests.swift */ = {isa = PBXFileReference; lastKnownFileType = sourcecode.swift; path = podsTests.swift; sourceTree = "<group>"; };
		36C458D02B7421110060355F /* podsUITests.xctest */ = {isa = PBXFileReference; explicitFileType = wrapper.cfbundle; includeInIndex = 0; path = podsUITests.xctest; sourceTree = BUILT_PRODUCTS_DIR; };
		36C458D42B7421110060355F /* podsUITests.swift */ = {isa = PBXFileReference; lastKnownFileType = sourcecode.swift; path = podsUITests.swift; sourceTree = "<group>"; };
		36C458D62B7421110060355F /* podsUITestsLaunchTests.swift */ = {isa = PBXFileReference; lastKnownFileType = sourcecode.swift; path = podsUITestsLaunchTests.swift; sourceTree = "<group>"; };
		36C458E32B7457580060355F /* HomeView.swift */ = {isa = PBXFileReference; lastKnownFileType = sourcecode.swift; path = HomeView.swift; sourceTree = "<group>"; };
		36C458E52B7458720060355F /* CameraView.swift */ = {isa = PBXFileReference; lastKnownFileType = sourcecode.swift; path = CameraView.swift; sourceTree = "<group>"; };
		36C458E72B746B7C0060355F /* CustomTabBar.swift */ = {isa = PBXFileReference; lastKnownFileType = sourcecode.swift; path = CustomTabBar.swift; sourceTree = "<group>"; };
		36C458E92B746D650060355F /* ProfileView.swift */ = {isa = PBXFileReference; lastKnownFileType = sourcecode.swift; path = ProfileView.swift; sourceTree = "<group>"; };
		36E97C742BB3B5E7003CDAB9 /* PhotoEditorViewController.swift */ = {isa = PBXFileReference; lastKnownFileType = sourcecode.swift; path = PhotoEditorViewController.swift; sourceTree = "<group>"; };
		36E97C762BB3BC0C003CDAB9 /* PhotoEditorRepresentable.swift */ = {isa = PBXFileReference; fileEncoding = 4; lastKnownFileType = sourcecode.swift; path = PhotoEditorRepresentable.swift; sourceTree = "<group>"; };
		36EAFD3E2B79BBCE0001013F /* Info.plist */ = {isa = PBXFileReference; lastKnownFileType = text.plist; path = Info.plist; sourceTree = "<group>"; };
		36EAFD3F2B79BEAC0001013F /* VideoPreviewView.swift */ = {isa = PBXFileReference; lastKnownFileType = sourcecode.swift; path = VideoPreviewView.swift; sourceTree = "<group>"; };
		58EA895ACCFC6EAF5E0BA4AF /* Pods_pods.framework */ = {isa = PBXFileReference; explicitFileType = wrapper.framework; includeInIndex = 0; path = Pods_pods.framework; sourceTree = BUILT_PRODUCTS_DIR; };
		63B50C70F2DA21A1E4B1519E /* Pods-pods.release.xcconfig */ = {isa = PBXFileReference; includeInIndex = 1; lastKnownFileType = text.xcconfig; name = "Pods-pods.release.xcconfig"; path = "Target Support Files/Pods-pods/Pods-pods.release.xcconfig"; sourceTree = "<group>"; };
		83EDB7BB4B1CA39393C90454 /* Pods-podsTests.debug.xcconfig */ = {isa = PBXFileReference; includeInIndex = 1; lastKnownFileType = text.xcconfig; name = "Pods-podsTests.debug.xcconfig"; path = "Target Support Files/Pods-podsTests/Pods-podsTests.debug.xcconfig"; sourceTree = "<group>"; };
		A8FF55E88400FA719CC858C9 /* Pods-pods.debug.xcconfig */ = {isa = PBXFileReference; includeInIndex = 1; lastKnownFileType = text.xcconfig; name = "Pods-pods.debug.xcconfig"; path = "Target Support Files/Pods-pods/Pods-pods.debug.xcconfig"; sourceTree = "<group>"; };
		D92FAAFEE961B65BFA364123 /* Pods-podsTests.release.xcconfig */ = {isa = PBXFileReference; includeInIndex = 1; lastKnownFileType = text.xcconfig; name = "Pods-podsTests.release.xcconfig"; path = "Target Support Files/Pods-podsTests/Pods-podsTests.release.xcconfig"; sourceTree = "<group>"; };
/* End PBXFileReference section */

/* Begin PBXFrameworksBuildPhase section */
		36C458B32B7421100060355F /* Frameworks */ = {
			isa = PBXFrameworksBuildPhase;
			buildActionMask = 2147483647;
			files = (
				6E189C12BD52D61C63F9F9D6 /* Pods_pods.framework in Frameworks */,
			);
			runOnlyForDeploymentPostprocessing = 0;
		};
		36C458C32B7421110060355F /* Frameworks */ = {
			isa = PBXFrameworksBuildPhase;
			buildActionMask = 2147483647;
			files = (
				993D36B04429BBA2F60D3C78 /* Pods_podsTests.framework in Frameworks */,
			);
			runOnlyForDeploymentPostprocessing = 0;
		};
		36C458CD2B7421110060355F /* Frameworks */ = {
			isa = PBXFrameworksBuildPhase;
			buildActionMask = 2147483647;
			files = (
				C6F40F10DA8644A3BA767508 /* Pods_pods_podsUITests.framework in Frameworks */,
			);
			runOnlyForDeploymentPostprocessing = 0;
		};
/* End PBXFrameworksBuildPhase section */

/* Begin PBXGroup section */
		3642C2252B9D3BF100D059B9 /* viewModels */ = {
			isa = PBXGroup;
			children = (
				361507272B7DBA270060974A /* CameraViewModel.swift */,
				3696B9602B99939600D211D7 /* OnboardingViewModel.swift */,
				3642C2262B9D3C1800D059B9 /* HomeViewModel.swift */,
				364BC1F62BB27E0B0027133F /* SharedViewModel.swift */,
				3629CE972BCECCA100040725 /* UploadViewModel.swift */,
			);
			path = viewModels;
			sourceTree = "<group>";
		};
		3682C8612BBADF4700B350E2 /* Core */ = {
			isa = PBXGroup;
			children = (
				3682C86A2BBAED5B00B350E2 /* Components */,
				3682C8652BBAE41400B350E2 /* MyPods */,
				3682C8622BBADF5600B350E2 /* TabBar */,
			);
			path = Core;
			sourceTree = "<group>";
		};
		3682C8622BBADF5600B350E2 /* TabBar */ = {
			isa = PBXGroup;
			children = (
				36C458E72B746B7C0060355F /* CustomTabBar.swift */,
			);
			path = TabBar;
			sourceTree = "<group>";
		};
		3682C8652BBAE41400B350E2 /* MyPods */ = {
			isa = PBXGroup;
			children = (
				3682C8662BBAE45200B350E2 /* PodItemView.swift */,
				3682C8682BBAE68C00B350E2 /* PodItemCell.swift */,
				368D67172BDCC454000434E0 /* PodItemCellImage.swift */,
			);
			path = MyPods;
			sourceTree = "<group>";
		};
		3682C86A2BBAED5B00B350E2 /* Components */ = {
			isa = PBXGroup;
			children = (
				3682C86B2BBAED7100B350E2 /* CustomVideoPlayer.swift */,
			);
			path = Components;
			sourceTree = "<group>";
		};
		368A27352B977F320001BBCA /* onboarding */ = {
			isa = PBXGroup;
			children = (
				368A27362B977F5A0001BBCA /* LandingView.swift */,
				368A27382B9818330001BBCA /* InfoView.swift */,
				3696B95A2B9836F000D211D7 /* EmailVerificationView.swift */,
				3696B9622B99990E00D211D7 /* MainOnboardingView.swift */,
				3696B9642B999B3A00D211D7 /* WelcomeView.swift */,
			);
			path = onboarding;
			sourceTree = "<group>";
		};
		3696B9572B98305C00D211D7 /* auth */ = {
			isa = PBXGroup;
			children = (
				3696B9582B98306C00D211D7 /* SignupView.swift */,
				3642C2232B9BD8AC00D059B9 /* LoginView.swift */,
			);
			path = auth;
			sourceTree = "<group>";
		};
		36C458AD2B7421100060355F = {
			isa = PBXGroup;
			children = (
				362170B02B90F81C00DA93EE /* vid.mp4 */,
				36C458B82B7421100060355F /* pods */,
				36C458C92B7421110060355F /* podsTests */,
				36C458D32B7421110060355F /* podsUITests */,
				36C458B72B7421100060355F /* Products */,
				B703095B9C6CAEE07F767C89 /* Pods */,
				A8CF5237E841CC0CB47CFC88 /* Frameworks */,
			);
			sourceTree = "<group>";
		};
		36C458B72B7421100060355F /* Products */ = {
			isa = PBXGroup;
			children = (
				36C458B62B7421100060355F /* pods.app */,
				36C458C62B7421110060355F /* podsTests.xctest */,
				36C458D02B7421110060355F /* podsUITests.xctest */,
			);
			name = Products;
			sourceTree = "<group>";
		};
		36C458B82B7421100060355F /* pods */ = {
			isa = PBXGroup;
			children = (
				3682C8612BBADF4700B350E2 /* Core */,
				363889402BAA92010062631B /* VideoEditorRepresentable.swift */,
				36E97C762BB3BC0C003CDAB9 /* PhotoEditorRepresentable.swift */,
				3642C2252B9D3BF100D059B9 /* viewModels */,
				3642C2202B99FB0100D059B9 /* NetworkManager.swift */,
				3696B9572B98305C00D211D7 /* auth */,
				368A27352B977F320001BBCA /* onboarding */,
				3682F0A22B84173100ABF344 /* Podfile */,
				36EAFD3E2B79BBCE0001013F /* Info.plist */,
				36C458B92B7421100060355F /* podsApp.swift */,
				36004B412B9000DF00423AB1 /* PodView.swift */,
				3615072D2B7EE48E0060974A /* CreatePodView.swift */,
				36291B7F2B8166F9000B5F38 /* CarouselView.swift */,
				362170AE2B90EF0C00DA93EE /* ItemView.swift */,
				360AB80B2B7DAFE800B65DF8 /* AltCameraView.swift */,
				3682F09C2B8403D400ABF344 /* CameraContainerView.swift */,
				3638893E2BAA8E6A0062631B /* VideoEditorViewController.swift */,
				36E97C742BB3B5E7003CDAB9 /* PhotoEditorViewController.swift */,
				36C458E32B7457580060355F /* HomeView.swift */,
				36C458E52B7458720060355F /* CameraView.swift */,
				36C458E92B746D650060355F /* ProfileView.swift */,
				36EAFD3F2B79BEAC0001013F /* VideoPreviewView.swift */,
				36C458BB2B7421100060355F /* ContentView.swift */,
				36C458BD2B7421110060355F /* Assets.xcassets */,
				368A27322B9597CE0001BBCA /* pods-logo.png */,
				36C458BF2B7421110060355F /* Preview Content */,
			);
			path = pods;
			sourceTree = "<group>";
		};
		36C458BF2B7421110060355F /* Preview Content */ = {
			isa = PBXGroup;
			children = (
				36C458C02B7421110060355F /* Preview Assets.xcassets */,
			);
			path = "Preview Content";
			sourceTree = "<group>";
		};
		36C458C92B7421110060355F /* podsTests */ = {
			isa = PBXGroup;
			children = (
				36C458CA2B7421110060355F /* podsTests.swift */,
			);
			path = podsTests;
			sourceTree = "<group>";
		};
		36C458D32B7421110060355F /* podsUITests */ = {
			isa = PBXGroup;
			children = (
				36C458D42B7421110060355F /* podsUITests.swift */,
				36C458D62B7421110060355F /* podsUITestsLaunchTests.swift */,
			);
			path = podsUITests;
			sourceTree = "<group>";
		};
		A8CF5237E841CC0CB47CFC88 /* Frameworks */ = {
			isa = PBXGroup;
			children = (
				58EA895ACCFC6EAF5E0BA4AF /* Pods_pods.framework */,
				235692826E2BB2BFC29AD543 /* Pods_pods_podsUITests.framework */,
				2330B374B8A4F2AA057F33F8 /* Pods_podsTests.framework */,
			);
			name = Frameworks;
			sourceTree = "<group>";
		};
		B703095B9C6CAEE07F767C89 /* Pods */ = {
			isa = PBXGroup;
			children = (
				A8FF55E88400FA719CC858C9 /* Pods-pods.debug.xcconfig */,
				63B50C70F2DA21A1E4B1519E /* Pods-pods.release.xcconfig */,
				318FA7B7FE47A42EB705EC9E /* Pods-pods-podsUITests.debug.xcconfig */,
				0F703D10ADA524ACB9298442 /* Pods-pods-podsUITests.release.xcconfig */,
				83EDB7BB4B1CA39393C90454 /* Pods-podsTests.debug.xcconfig */,
				D92FAAFEE961B65BFA364123 /* Pods-podsTests.release.xcconfig */,
			);
			name = Pods;
			path = pods;
			sourceTree = "<group>";
		};
/* End PBXGroup section */

/* Begin PBXNativeTarget section */
		36C458B52B7421100060355F /* pods */ = {
			isa = PBXNativeTarget;
			buildConfigurationList = 36C458DA2B7421110060355F /* Build configuration list for PBXNativeTarget "pods" */;
			buildPhases = (
				854E22C89739D753C85CE594 /* [CP] Check Pods Manifest.lock */,
				36C458B22B7421100060355F /* Sources */,
				36C458B32B7421100060355F /* Frameworks */,
				36C458B42B7421100060355F /* Resources */,
				7A08EA32696485648CF7EA7F /* [CP] Embed Pods Frameworks */,
			);
			buildRules = (
			);
			dependencies = (
			);
			name = pods;
			productName = pods;
			productReference = 36C458B62B7421100060355F /* pods.app */;
			productType = "com.apple.product-type.application";
		};
		36C458C52B7421110060355F /* podsTests */ = {
			isa = PBXNativeTarget;
			buildConfigurationList = 36C458DD2B7421110060355F /* Build configuration list for PBXNativeTarget "podsTests" */;
			buildPhases = (
				9933097F0647A42E2DFB370F /* [CP] Check Pods Manifest.lock */,
				36C458C22B7421110060355F /* Sources */,
				36C458C32B7421110060355F /* Frameworks */,
				36C458C42B7421110060355F /* Resources */,
			);
			buildRules = (
			);
			dependencies = (
				36C458C82B7421110060355F /* PBXTargetDependency */,
			);
			name = podsTests;
			productName = podsTests;
			productReference = 36C458C62B7421110060355F /* podsTests.xctest */;
			productType = "com.apple.product-type.bundle.unit-test";
		};
		36C458CF2B7421110060355F /* podsUITests */ = {
			isa = PBXNativeTarget;
			buildConfigurationList = 36C458E02B7421110060355F /* Build configuration list for PBXNativeTarget "podsUITests" */;
			buildPhases = (
				C41DD95F90DBB4BEC68D26FD /* [CP] Check Pods Manifest.lock */,
				36C458CC2B7421110060355F /* Sources */,
				36C458CD2B7421110060355F /* Frameworks */,
				36C458CE2B7421110060355F /* Resources */,
				E7543D67DB6F20BA4E5BA57E /* [CP] Embed Pods Frameworks */,
			);
			buildRules = (
			);
			dependencies = (
				36C458D22B7421110060355F /* PBXTargetDependency */,
			);
			name = podsUITests;
			productName = podsUITests;
			productReference = 36C458D02B7421110060355F /* podsUITests.xctest */;
			productType = "com.apple.product-type.bundle.ui-testing";
		};
/* End PBXNativeTarget section */

/* Begin PBXProject section */
		36C458AE2B7421100060355F /* Project object */ = {
			isa = PBXProject;
			attributes = {
				BuildIndependentTargetsInParallel = 1;
				LastSwiftUpdateCheck = 1510;
				LastUpgradeCheck = 1510;
				TargetAttributes = {
					36C458B52B7421100060355F = {
						CreatedOnToolsVersion = 15.1;
					};
					36C458C52B7421110060355F = {
						CreatedOnToolsVersion = 15.1;
						TestTargetID = 36C458B52B7421100060355F;
					};
					36C458CF2B7421110060355F = {
						CreatedOnToolsVersion = 15.1;
						TestTargetID = 36C458B52B7421100060355F;
					};
				};
			};
			buildConfigurationList = 36C458B12B7421100060355F /* Build configuration list for PBXProject "pods" */;
			compatibilityVersion = "Xcode 14.0";
			developmentRegion = en;
			hasScannedForEncodings = 0;
			knownRegions = (
				en,
				Base,
			);
			mainGroup = 36C458AD2B7421100060355F;
			productRefGroup = 36C458B72B7421100060355F /* Products */;
			projectDirPath = "";
			projectRoot = "";
			targets = (
				36C458B52B7421100060355F /* pods */,
				36C458C52B7421110060355F /* podsTests */,
				36C458CF2B7421110060355F /* podsUITests */,
			);
		};
/* End PBXProject section */

/* Begin PBXResourcesBuildPhase section */
		36C458B42B7421100060355F /* Resources */ = {
			isa = PBXResourcesBuildPhase;
			buildActionMask = 2147483647;
			files = (
				362170B22B90F91700DA93EE /* vid.mp4 in Resources */,
				368A27332B9597CE0001BBCA /* pods-logo.png in Resources */,
				3682F0A32B84173100ABF344 /* Podfile in Resources */,
				36C458C12B7421110060355F /* Preview Assets.xcassets in Resources */,
				36C458BE2B7421110060355F /* Assets.xcassets in Resources */,
			);
			runOnlyForDeploymentPostprocessing = 0;
		};
		36C458C42B7421110060355F /* Resources */ = {
			isa = PBXResourcesBuildPhase;
			buildActionMask = 2147483647;
			files = (
			);
			runOnlyForDeploymentPostprocessing = 0;
		};
		36C458CE2B7421110060355F /* Resources */ = {
			isa = PBXResourcesBuildPhase;
			buildActionMask = 2147483647;
			files = (
			);
			runOnlyForDeploymentPostprocessing = 0;
		};
/* End PBXResourcesBuildPhase section */

/* Begin PBXShellScriptBuildPhase section */
		7A08EA32696485648CF7EA7F /* [CP] Embed Pods Frameworks */ = {
			isa = PBXShellScriptBuildPhase;
			buildActionMask = 2147483647;
			files = (
			);
			inputFileListPaths = (
				"${PODS_ROOT}/Target Support Files/Pods-pods/Pods-pods-frameworks-${CONFIGURATION}-input-files.xcfilelist",
			);
			name = "[CP] Embed Pods Frameworks";
			outputFileListPaths = (
				"${PODS_ROOT}/Target Support Files/Pods-pods/Pods-pods-frameworks-${CONFIGURATION}-output-files.xcfilelist",
			);
			runOnlyForDeploymentPostprocessing = 0;
			shellPath = /bin/sh;
			shellScript = "\"${PODS_ROOT}/Target Support Files/Pods-pods/Pods-pods-frameworks.sh\"\n";
			showEnvVarsInLog = 0;
		};
		854E22C89739D753C85CE594 /* [CP] Check Pods Manifest.lock */ = {
			isa = PBXShellScriptBuildPhase;
			buildActionMask = 2147483647;
			files = (
			);
			inputFileListPaths = (
			);
			inputPaths = (
				"${PODS_PODFILE_DIR_PATH}/Podfile.lock",
				"${PODS_ROOT}/Manifest.lock",
			);
			name = "[CP] Check Pods Manifest.lock";
			outputFileListPaths = (
			);
			outputPaths = (
				"$(DERIVED_FILE_DIR)/Pods-pods-checkManifestLockResult.txt",
			);
			runOnlyForDeploymentPostprocessing = 0;
			shellPath = /bin/sh;
			shellScript = "diff \"${PODS_PODFILE_DIR_PATH}/Podfile.lock\" \"${PODS_ROOT}/Manifest.lock\" > /dev/null\nif [ $? != 0 ] ; then\n    # print error to STDERR\n    echo \"error: The sandbox is not in sync with the Podfile.lock. Run 'pod install' or update your CocoaPods installation.\" >&2\n    exit 1\nfi\n# This output is used by Xcode 'outputs' to avoid re-running this script phase.\necho \"SUCCESS\" > \"${SCRIPT_OUTPUT_FILE_0}\"\n";
			showEnvVarsInLog = 0;
		};
		9933097F0647A42E2DFB370F /* [CP] Check Pods Manifest.lock */ = {
			isa = PBXShellScriptBuildPhase;
			buildActionMask = 2147483647;
			files = (
			);
			inputFileListPaths = (
			);
			inputPaths = (
				"${PODS_PODFILE_DIR_PATH}/Podfile.lock",
				"${PODS_ROOT}/Manifest.lock",
			);
			name = "[CP] Check Pods Manifest.lock";
			outputFileListPaths = (
			);
			outputPaths = (
				"$(DERIVED_FILE_DIR)/Pods-podsTests-checkManifestLockResult.txt",
			);
			runOnlyForDeploymentPostprocessing = 0;
			shellPath = /bin/sh;
			shellScript = "diff \"${PODS_PODFILE_DIR_PATH}/Podfile.lock\" \"${PODS_ROOT}/Manifest.lock\" > /dev/null\nif [ $? != 0 ] ; then\n    # print error to STDERR\n    echo \"error: The sandbox is not in sync with the Podfile.lock. Run 'pod install' or update your CocoaPods installation.\" >&2\n    exit 1\nfi\n# This output is used by Xcode 'outputs' to avoid re-running this script phase.\necho \"SUCCESS\" > \"${SCRIPT_OUTPUT_FILE_0}\"\n";
			showEnvVarsInLog = 0;
		};
		C41DD95F90DBB4BEC68D26FD /* [CP] Check Pods Manifest.lock */ = {
			isa = PBXShellScriptBuildPhase;
			buildActionMask = 2147483647;
			files = (
			);
			inputFileListPaths = (
			);
			inputPaths = (
				"${PODS_PODFILE_DIR_PATH}/Podfile.lock",
				"${PODS_ROOT}/Manifest.lock",
			);
			name = "[CP] Check Pods Manifest.lock";
			outputFileListPaths = (
			);
			outputPaths = (
				"$(DERIVED_FILE_DIR)/Pods-pods-podsUITests-checkManifestLockResult.txt",
			);
			runOnlyForDeploymentPostprocessing = 0;
			shellPath = /bin/sh;
			shellScript = "diff \"${PODS_PODFILE_DIR_PATH}/Podfile.lock\" \"${PODS_ROOT}/Manifest.lock\" > /dev/null\nif [ $? != 0 ] ; then\n    # print error to STDERR\n    echo \"error: The sandbox is not in sync with the Podfile.lock. Run 'pod install' or update your CocoaPods installation.\" >&2\n    exit 1\nfi\n# This output is used by Xcode 'outputs' to avoid re-running this script phase.\necho \"SUCCESS\" > \"${SCRIPT_OUTPUT_FILE_0}\"\n";
			showEnvVarsInLog = 0;
		};
		E7543D67DB6F20BA4E5BA57E /* [CP] Embed Pods Frameworks */ = {
			isa = PBXShellScriptBuildPhase;
			buildActionMask = 2147483647;
			files = (
			);
			inputFileListPaths = (
				"${PODS_ROOT}/Target Support Files/Pods-pods-podsUITests/Pods-pods-podsUITests-frameworks-${CONFIGURATION}-input-files.xcfilelist",
			);
			name = "[CP] Embed Pods Frameworks";
			outputFileListPaths = (
				"${PODS_ROOT}/Target Support Files/Pods-pods-podsUITests/Pods-pods-podsUITests-frameworks-${CONFIGURATION}-output-files.xcfilelist",
			);
			runOnlyForDeploymentPostprocessing = 0;
			shellPath = /bin/sh;
			shellScript = "\"${PODS_ROOT}/Target Support Files/Pods-pods-podsUITests/Pods-pods-podsUITests-frameworks.sh\"\n";
			showEnvVarsInLog = 0;
		};
/* End PBXShellScriptBuildPhase section */

/* Begin PBXSourcesBuildPhase section */
		36C458B22B7421100060355F /* Sources */ = {
			isa = PBXSourcesBuildPhase;
			buildActionMask = 2147483647;
			files = (
				368A27392B9818330001BBCA /* InfoView.swift in Sources */,
				3682F09D2B8403D400ABF344 /* CameraContainerView.swift in Sources */,
				3696B9632B99990E00D211D7 /* MainOnboardingView.swift in Sources */,
				36EAFD402B79BEAC0001013F /* VideoPreviewView.swift in Sources */,
				3642C2242B9BD8AC00D059B9 /* LoginView.swift in Sources */,
				363889412BAA92010062631B /* VideoEditorRepresentable.swift in Sources */,
				368D67182BDCC454000434E0 /* PodItemCellImage.swift in Sources */,
				3642C2212B99FB0100D059B9 /* NetworkManager.swift in Sources */,
				36C458E42B7457580060355F /* HomeView.swift in Sources */,
				36C458E82B746B7C0060355F /* CustomTabBar.swift in Sources */,
				3696B9592B98306C00D211D7 /* SignupView.swift in Sources */,
				3629CE982BCECCA100040725 /* UploadViewModel.swift in Sources */,
				364BC1F72BB27E0B0027133F /* SharedViewModel.swift in Sources */,
				3615072E2B7EE48E0060974A /* CreatePodView.swift in Sources */,
				361507282B7DBA270060974A /* CameraViewModel.swift in Sources */,
				368A27372B977F5A0001BBCA /* LandingView.swift in Sources */,
				360AB80C2B7DAFE800B65DF8 /* AltCameraView.swift in Sources */,
				36C458BC2B7421100060355F /* ContentView.swift in Sources */,
				36C458BA2B7421100060355F /* podsApp.swift in Sources */,
				3638893F2BAA8E6A0062631B /* VideoEditorViewController.swift in Sources */,
				36E97C752BB3B5E7003CDAB9 /* PhotoEditorViewController.swift in Sources */,
				3696B9652B999B3A00D211D7 /* WelcomeView.swift in Sources */,
				3696B9612B99939600D211D7 /* OnboardingViewModel.swift in Sources */,
				36C458EA2B746D650060355F /* ProfileView.swift in Sources */,
				36291B802B8166F9000B5F38 /* CarouselView.swift in Sources */,
				3642C2272B9D3C1800D059B9 /* HomeViewModel.swift in Sources */,
				3682C8672BBAE45200B350E2 /* PodItemView.swift in Sources */,
				3682C86C2BBAED7100B350E2 /* CustomVideoPlayer.swift in Sources */,
				3696B95B2B9836F000D211D7 /* EmailVerificationView.swift in Sources */,
				36E97C772BB3BC0C003CDAB9 /* PhotoEditorRepresentable.swift in Sources */,
				362170AF2B90EF0C00DA93EE /* ItemView.swift in Sources */,
				36C458E62B7458720060355F /* CameraView.swift in Sources */,
				3682C8692BBAE68C00B350E2 /* PodItemCell.swift in Sources */,
				36004B422B9000DF00423AB1 /* PodView.swift in Sources */,
			);
			runOnlyForDeploymentPostprocessing = 0;
		};
		36C458C22B7421110060355F /* Sources */ = {
			isa = PBXSourcesBuildPhase;
			buildActionMask = 2147483647;
			files = (
				36C458CB2B7421110060355F /* podsTests.swift in Sources */,
			);
			runOnlyForDeploymentPostprocessing = 0;
		};
		36C458CC2B7421110060355F /* Sources */ = {
			isa = PBXSourcesBuildPhase;
			buildActionMask = 2147483647;
			files = (
				36C458D72B7421110060355F /* podsUITestsLaunchTests.swift in Sources */,
				36C458D52B7421110060355F /* podsUITests.swift in Sources */,
			);
			runOnlyForDeploymentPostprocessing = 0;
		};
/* End PBXSourcesBuildPhase section */

/* Begin PBXTargetDependency section */
		36C458C82B7421110060355F /* PBXTargetDependency */ = {
			isa = PBXTargetDependency;
			target = 36C458B52B7421100060355F /* pods */;
			targetProxy = 36C458C72B7421110060355F /* PBXContainerItemProxy */;
		};
		36C458D22B7421110060355F /* PBXTargetDependency */ = {
			isa = PBXTargetDependency;
			target = 36C458B52B7421100060355F /* pods */;
			targetProxy = 36C458D12B7421110060355F /* PBXContainerItemProxy */;
		};
/* End PBXTargetDependency section */

/* Begin XCBuildConfiguration section */
		36C458D82B7421110060355F /* Debug */ = {
			isa = XCBuildConfiguration;
			buildSettings = {
				ALWAYS_SEARCH_USER_PATHS = NO;
				ASSETCATALOG_COMPILER_GENERATE_SWIFT_ASSET_SYMBOL_EXTENSIONS = YES;
				CLANG_ANALYZER_NONNULL = YES;
				CLANG_ANALYZER_NUMBER_OBJECT_CONVERSION = YES_AGGRESSIVE;
				CLANG_CXX_LANGUAGE_STANDARD = "gnu++20";
				CLANG_ENABLE_MODULES = YES;
				CLANG_ENABLE_OBJC_ARC = YES;
				CLANG_ENABLE_OBJC_WEAK = YES;
				CLANG_WARN_BLOCK_CAPTURE_AUTORELEASING = YES;
				CLANG_WARN_BOOL_CONVERSION = YES;
				CLANG_WARN_COMMA = YES;
				CLANG_WARN_CONSTANT_CONVERSION = YES;
				CLANG_WARN_DEPRECATED_OBJC_IMPLEMENTATIONS = YES;
				CLANG_WARN_DIRECT_OBJC_ISA_USAGE = YES_ERROR;
				CLANG_WARN_DOCUMENTATION_COMMENTS = YES;
				CLANG_WARN_EMPTY_BODY = YES;
				CLANG_WARN_ENUM_CONVERSION = YES;
				CLANG_WARN_INFINITE_RECURSION = YES;
				CLANG_WARN_INT_CONVERSION = YES;
				CLANG_WARN_NON_LITERAL_NULL_CONVERSION = YES;
				CLANG_WARN_OBJC_IMPLICIT_RETAIN_SELF = YES;
				CLANG_WARN_OBJC_LITERAL_CONVERSION = YES;
				CLANG_WARN_OBJC_ROOT_CLASS = YES_ERROR;
				CLANG_WARN_QUOTED_INCLUDE_IN_FRAMEWORK_HEADER = YES;
				CLANG_WARN_RANGE_LOOP_ANALYSIS = YES;
				CLANG_WARN_STRICT_PROTOTYPES = YES;
				CLANG_WARN_SUSPICIOUS_MOVE = YES;
				CLANG_WARN_UNGUARDED_AVAILABILITY = YES_AGGRESSIVE;
				CLANG_WARN_UNREACHABLE_CODE = YES;
				CLANG_WARN__DUPLICATE_METHOD_MATCH = YES;
				COPY_PHASE_STRIP = NO;
				DEBUG_INFORMATION_FORMAT = dwarf;
				ENABLE_STRICT_OBJC_MSGSEND = YES;
				ENABLE_TESTABILITY = YES;
				ENABLE_USER_SCRIPT_SANDBOXING = YES;
				GCC_C_LANGUAGE_STANDARD = gnu17;
				GCC_DYNAMIC_NO_PIC = NO;
				GCC_NO_COMMON_BLOCKS = YES;
				GCC_OPTIMIZATION_LEVEL = 0;
				GCC_PREPROCESSOR_DEFINITIONS = (
					"DEBUG=1",
					"$(inherited)",
				);
				GCC_WARN_64_TO_32_BIT_CONVERSION = YES;
				GCC_WARN_ABOUT_RETURN_TYPE = YES_ERROR;
				GCC_WARN_UNDECLARED_SELECTOR = YES;
				GCC_WARN_UNINITIALIZED_AUTOS = YES_AGGRESSIVE;
				GCC_WARN_UNUSED_FUNCTION = YES;
				GCC_WARN_UNUSED_VARIABLE = YES;
				IPHONEOS_DEPLOYMENT_TARGET = 17.2;
				LOCALIZATION_PREFERS_STRING_CATALOGS = YES;
				MTL_ENABLE_DEBUG_INFO = INCLUDE_SOURCE;
				MTL_FAST_MATH = YES;
				ONLY_ACTIVE_ARCH = YES;
				SDKROOT = iphoneos;
				SWIFT_ACTIVE_COMPILATION_CONDITIONS = "DEBUG $(inherited)";
				SWIFT_OPTIMIZATION_LEVEL = "-Onone";
			};
			name = Debug;
		};
		36C458D92B7421110060355F /* Release */ = {
			isa = XCBuildConfiguration;
			buildSettings = {
				ALWAYS_SEARCH_USER_PATHS = NO;
				ASSETCATALOG_COMPILER_GENERATE_SWIFT_ASSET_SYMBOL_EXTENSIONS = YES;
				CLANG_ANALYZER_NONNULL = YES;
				CLANG_ANALYZER_NUMBER_OBJECT_CONVERSION = YES_AGGRESSIVE;
				CLANG_CXX_LANGUAGE_STANDARD = "gnu++20";
				CLANG_ENABLE_MODULES = YES;
				CLANG_ENABLE_OBJC_ARC = YES;
				CLANG_ENABLE_OBJC_WEAK = YES;
				CLANG_WARN_BLOCK_CAPTURE_AUTORELEASING = YES;
				CLANG_WARN_BOOL_CONVERSION = YES;
				CLANG_WARN_COMMA = YES;
				CLANG_WARN_CONSTANT_CONVERSION = YES;
				CLANG_WARN_DEPRECATED_OBJC_IMPLEMENTATIONS = YES;
				CLANG_WARN_DIRECT_OBJC_ISA_USAGE = YES_ERROR;
				CLANG_WARN_DOCUMENTATION_COMMENTS = YES;
				CLANG_WARN_EMPTY_BODY = YES;
				CLANG_WARN_ENUM_CONVERSION = YES;
				CLANG_WARN_INFINITE_RECURSION = YES;
				CLANG_WARN_INT_CONVERSION = YES;
				CLANG_WARN_NON_LITERAL_NULL_CONVERSION = YES;
				CLANG_WARN_OBJC_IMPLICIT_RETAIN_SELF = YES;
				CLANG_WARN_OBJC_LITERAL_CONVERSION = YES;
				CLANG_WARN_OBJC_ROOT_CLASS = YES_ERROR;
				CLANG_WARN_QUOTED_INCLUDE_IN_FRAMEWORK_HEADER = YES;
				CLANG_WARN_RANGE_LOOP_ANALYSIS = YES;
				CLANG_WARN_STRICT_PROTOTYPES = YES;
				CLANG_WARN_SUSPICIOUS_MOVE = YES;
				CLANG_WARN_UNGUARDED_AVAILABILITY = YES_AGGRESSIVE;
				CLANG_WARN_UNREACHABLE_CODE = YES;
				CLANG_WARN__DUPLICATE_METHOD_MATCH = YES;
				COPY_PHASE_STRIP = NO;
				DEBUG_INFORMATION_FORMAT = "dwarf-with-dsym";
				ENABLE_NS_ASSERTIONS = NO;
				ENABLE_STRICT_OBJC_MSGSEND = YES;
				ENABLE_USER_SCRIPT_SANDBOXING = YES;
				GCC_C_LANGUAGE_STANDARD = gnu17;
				GCC_NO_COMMON_BLOCKS = YES;
				GCC_WARN_64_TO_32_BIT_CONVERSION = YES;
				GCC_WARN_ABOUT_RETURN_TYPE = YES_ERROR;
				GCC_WARN_UNDECLARED_SELECTOR = YES;
				GCC_WARN_UNINITIALIZED_AUTOS = YES_AGGRESSIVE;
				GCC_WARN_UNUSED_FUNCTION = YES;
				GCC_WARN_UNUSED_VARIABLE = YES;
				IPHONEOS_DEPLOYMENT_TARGET = 17.2;
				LOCALIZATION_PREFERS_STRING_CATALOGS = YES;
				MTL_ENABLE_DEBUG_INFO = NO;
				MTL_FAST_MATH = YES;
				SDKROOT = iphoneos;
				SWIFT_COMPILATION_MODE = wholemodule;
				VALIDATE_PRODUCT = YES;
			};
			name = Release;
		};
		36C458DB2B7421110060355F /* Debug */ = {
			isa = XCBuildConfiguration;
			baseConfigurationReference = A8FF55E88400FA719CC858C9 /* Pods-pods.debug.xcconfig */;
			buildSettings = {
				ASSETCATALOG_COMPILER_APPICON_NAME = AppIcon;
				ASSETCATALOG_COMPILER_GLOBAL_ACCENT_COLOR_NAME = AccentColor;
				CODE_SIGN_STYLE = Automatic;
				CURRENT_PROJECT_VERSION = 1;
				DEVELOPMENT_ASSET_PATHS = "\"pods/Preview Content\"";
				DEVELOPMENT_TEAM = RZU2ZRNK98;
				ENABLE_PREVIEWS = YES;
				ENABLE_USER_SCRIPT_SANDBOXING = NO;
				GENERATE_INFOPLIST_FILE = YES;
				INFOPLIST_FILE = pods/Info.plist;
				INFOPLIST_KEY_CFBundleDisplayName = "";
				INFOPLIST_KEY_LSApplicationCategoryType = "public.app-category.lifestyle";
				INFOPLIST_KEY_NSCameraUsageDescription = "Access to the camera is required to capture videos to attach to your pods.";
				INFOPLIST_KEY_NSMicrophoneUsageDescription = "Access to the microphone is required to attach audio to your pods.";
				INFOPLIST_KEY_NSPhotoLibraryAddUsageDescription = "Allow access to camera roll in order to post videos";
				INFOPLIST_KEY_NSPhotoLibraryUsageDescription = "Pods requires access to your camera roll to save your videos";
				INFOPLIST_KEY_UIApplicationSceneManifest_Generation = YES;
				INFOPLIST_KEY_UIApplicationSupportsIndirectInputEvents = YES;
				INFOPLIST_KEY_UILaunchScreen_Generation = YES;
				INFOPLIST_KEY_UIRequiresFullScreen = YES;
				INFOPLIST_KEY_UISupportedInterfaceOrientations = UIInterfaceOrientationPortrait;
				LD_RUNPATH_SEARCH_PATHS = (
					"$(inherited)",
					"@executable_path/Frameworks",
				);
				MARKETING_VERSION = 1.0;
				PRODUCT_BUNDLE_IDENTIFIER = humuli.pods;
				PRODUCT_NAME = "$(TARGET_NAME)";
				SWIFT_EMIT_LOC_STRINGS = YES;
				SWIFT_VERSION = 5.0;
				TARGETED_DEVICE_FAMILY = "1,2";
			};
			name = Debug;
		};
		36C458DC2B7421110060355F /* Release */ = {
			isa = XCBuildConfiguration;
			baseConfigurationReference = 63B50C70F2DA21A1E4B1519E /* Pods-pods.release.xcconfig */;
			buildSettings = {
				ASSETCATALOG_COMPILER_APPICON_NAME = AppIcon;
				ASSETCATALOG_COMPILER_GLOBAL_ACCENT_COLOR_NAME = AccentColor;
				CODE_SIGN_STYLE = Automatic;
				CURRENT_PROJECT_VERSION = 1;
				DEVELOPMENT_ASSET_PATHS = "\"pods/Preview Content\"";
				DEVELOPMENT_TEAM = RZU2ZRNK98;
				ENABLE_PREVIEWS = YES;
				ENABLE_USER_SCRIPT_SANDBOXING = NO;
				GENERATE_INFOPLIST_FILE = YES;
				INFOPLIST_FILE = pods/Info.plist;
				INFOPLIST_KEY_CFBundleDisplayName = "";
				INFOPLIST_KEY_LSApplicationCategoryType = "public.app-category.lifestyle";
				INFOPLIST_KEY_NSCameraUsageDescription = "Access to the camera is required to capture videos to attach to your pods.";
				INFOPLIST_KEY_NSMicrophoneUsageDescription = "Access to the microphone is required to attach audio to your pods.";
				INFOPLIST_KEY_NSPhotoLibraryAddUsageDescription = "Allow access to camera roll in order to post videos";
				INFOPLIST_KEY_NSPhotoLibraryUsageDescription = "Pods requires access to your camera roll to save your videos";
				INFOPLIST_KEY_UIApplicationSceneManifest_Generation = YES;
				INFOPLIST_KEY_UIApplicationSupportsIndirectInputEvents = YES;
				INFOPLIST_KEY_UILaunchScreen_Generation = YES;
				INFOPLIST_KEY_UIRequiresFullScreen = YES;
				INFOPLIST_KEY_UISupportedInterfaceOrientations = UIInterfaceOrientationPortrait;
				LD_RUNPATH_SEARCH_PATHS = (
					"$(inherited)",
					"@executable_path/Frameworks",
				);
				MARKETING_VERSION = 1.0;
				PRODUCT_BUNDLE_IDENTIFIER = humuli.pods;
				PRODUCT_NAME = "$(TARGET_NAME)";
				SWIFT_EMIT_LOC_STRINGS = YES;
				SWIFT_VERSION = 5.0;
				TARGETED_DEVICE_FAMILY = "1,2";
			};
			name = Release;
		};
		36C458DE2B7421110060355F /* Debug */ = {
			isa = XCBuildConfiguration;
			baseConfigurationReference = 83EDB7BB4B1CA39393C90454 /* Pods-podsTests.debug.xcconfig */;
			buildSettings = {
				ALWAYS_EMBED_SWIFT_STANDARD_LIBRARIES = YES;
				BUNDLE_LOADER = "$(TEST_HOST)";
				CODE_SIGN_STYLE = Automatic;
				CURRENT_PROJECT_VERSION = 1;
				GENERATE_INFOPLIST_FILE = YES;
				IPHONEOS_DEPLOYMENT_TARGET = 17.2;
				MARKETING_VERSION = 1.0;
				PRODUCT_BUNDLE_IDENTIFIER = humuli.podsTests;
				PRODUCT_NAME = "$(TARGET_NAME)";
				SWIFT_EMIT_LOC_STRINGS = NO;
				SWIFT_VERSION = 5.0;
				TARGETED_DEVICE_FAMILY = "1,2";
				TEST_HOST = "$(BUILT_PRODUCTS_DIR)/pods.app/$(BUNDLE_EXECUTABLE_FOLDER_PATH)/pods";
			};
			name = Debug;
		};
		36C458DF2B7421110060355F /* Release */ = {
			isa = XCBuildConfiguration;
			baseConfigurationReference = D92FAAFEE961B65BFA364123 /* Pods-podsTests.release.xcconfig */;
			buildSettings = {
				ALWAYS_EMBED_SWIFT_STANDARD_LIBRARIES = YES;
				BUNDLE_LOADER = "$(TEST_HOST)";
				CODE_SIGN_STYLE = Automatic;
				CURRENT_PROJECT_VERSION = 1;
				GENERATE_INFOPLIST_FILE = YES;
				IPHONEOS_DEPLOYMENT_TARGET = 17.2;
				MARKETING_VERSION = 1.0;
				PRODUCT_BUNDLE_IDENTIFIER = humuli.podsTests;
				PRODUCT_NAME = "$(TARGET_NAME)";
				SWIFT_EMIT_LOC_STRINGS = NO;
				SWIFT_VERSION = 5.0;
				TARGETED_DEVICE_FAMILY = "1,2";
				TEST_HOST = "$(BUILT_PRODUCTS_DIR)/pods.app/$(BUNDLE_EXECUTABLE_FOLDER_PATH)/pods";
			};
			name = Release;
		};
		36C458E12B7421110060355F /* Debug */ = {
			isa = XCBuildConfiguration;
			baseConfigurationReference = 318FA7B7FE47A42EB705EC9E /* Pods-pods-podsUITests.debug.xcconfig */;
			buildSettings = {
				ALWAYS_EMBED_SWIFT_STANDARD_LIBRARIES = YES;
				CODE_SIGN_STYLE = Automatic;
				CURRENT_PROJECT_VERSION = 1;
				GENERATE_INFOPLIST_FILE = YES;
				MARKETING_VERSION = 1.0;
				PRODUCT_BUNDLE_IDENTIFIER = humuli.podsUITests;
				PRODUCT_NAME = "$(TARGET_NAME)";
				SWIFT_EMIT_LOC_STRINGS = NO;
				SWIFT_VERSION = 5.0;
				TARGETED_DEVICE_FAMILY = "1,2";
				TEST_TARGET_NAME = pods;
			};
			name = Debug;
		};
		36C458E22B7421110060355F /* Release */ = {
			isa = XCBuildConfiguration;
			baseConfigurationReference = 0F703D10ADA524ACB9298442 /* Pods-pods-podsUITests.release.xcconfig */;
			buildSettings = {
				ALWAYS_EMBED_SWIFT_STANDARD_LIBRARIES = YES;
				CODE_SIGN_STYLE = Automatic;
				CURRENT_PROJECT_VERSION = 1;
				GENERATE_INFOPLIST_FILE = YES;
				MARKETING_VERSION = 1.0;
				PRODUCT_BUNDLE_IDENTIFIER = humuli.podsUITests;
				PRODUCT_NAME = "$(TARGET_NAME)";
				SWIFT_EMIT_LOC_STRINGS = NO;
				SWIFT_VERSION = 5.0;
				TARGETED_DEVICE_FAMILY = "1,2";
				TEST_TARGET_NAME = pods;
			};
			name = Release;
		};
/* End XCBuildConfiguration section */

/* Begin XCConfigurationList section */
		36C458B12B7421100060355F /* Build configuration list for PBXProject "pods" */ = {
			isa = XCConfigurationList;
			buildConfigurations = (
				36C458D82B7421110060355F /* Debug */,
				36C458D92B7421110060355F /* Release */,
			);
			defaultConfigurationIsVisible = 0;
			defaultConfigurationName = Release;
		};
		36C458DA2B7421110060355F /* Build configuration list for PBXNativeTarget "pods" */ = {
			isa = XCConfigurationList;
			buildConfigurations = (
				36C458DB2B7421110060355F /* Debug */,
				36C458DC2B7421110060355F /* Release */,
			);
			defaultConfigurationIsVisible = 0;
			defaultConfigurationName = Release;
		};
		36C458DD2B7421110060355F /* Build configuration list for PBXNativeTarget "podsTests" */ = {
			isa = XCConfigurationList;
			buildConfigurations = (
				36C458DE2B7421110060355F /* Debug */,
				36C458DF2B7421110060355F /* Release */,
			);
			defaultConfigurationIsVisible = 0;
			defaultConfigurationName = Release;
		};
		36C458E02B7421110060355F /* Build configuration list for PBXNativeTarget "podsUITests" */ = {
			isa = XCConfigurationList;
			buildConfigurations = (
				36C458E12B7421110060355F /* Debug */,
				36C458E22B7421110060355F /* Release */,
			);
			defaultConfigurationIsVisible = 0;
			defaultConfigurationName = Release;
		};
/* End XCConfigurationList section */
	};
	rootObject = 36C458AE2B7421100060355F /* Project object */;
}
