<?xml version="1.0" encoding="UTF-8"?>
<Scheme
   LastUpgradeVersion = "1510"
   version = "1.7">
   <BuildAction
      parallelizeBuildables = "YES"
      buildImplicitDependencies = "YES">
      <BuildActionEntries>
         <BuildActionEntry
            buildForTesting = "YES"
            buildForRunning = "YES"
            buildForProfiling = "YES"
            buildForArchiving = "YES"
            buildForAnalyzing = "YES">
            <BuildableReference
               BuildableIdentifier = "primary"
               BlueprintIdentifier = "36C458B52B7421100060355F"
               BuildableName = "pods.app"
               BlueprintName = "pods"
               ReferencedContainer = "container:pods.xcodeproj">
            </BuildableReference>
         </BuildActionEntry>
      </BuildActionEntries>
   </BuildAction>
   <TestAction
      buildConfiguration = "Debug"
      selectedDebuggerIdentifier = "Xcode.DebuggerFoundation.Debugger.LLDB"
      selectedLauncherIdentifier = "Xcode.DebuggerFoundation.Launcher.LLDB"
      shouldUseLaunchSchemeArgsEnv = "YES"
      shouldAutocreateTestPlan = "YES">
      <Testables>
         <TestableReference
            skipped = "NO"
            parallelizable = "YES">
            <BuildableReference
               BuildableIdentifier = "primary"
               BlueprintIdentifier = "36C458C52B7421110060355F"
               BuildableName = "podsTests.xctest"
               BlueprintName = "podsTests"
               ReferencedContainer = "container:pods.xcodeproj">
            </BuildableReference>
         </TestableReference>
         <TestableReference
            skipped = "NO"
            parallelizable = "YES">
            <BuildableReference
               BuildableIdentifier = "primary"
               BlueprintIdentifier = "36C458CF2B7421110060355F"
               BuildableName = "podsUITests.xctest"
               BlueprintName = "podsUITests"
               ReferencedContainer = "container:pods.xcodeproj">
            </BuildableReference>
         </TestableReference>
      </Testables>
   </TestAction>
   <LaunchAction
      buildConfiguration = "Debug"
      selectedDebuggerIdentifier = "Xcode.DebuggerFoundation.Debugger.LLDB"
      selectedLauncherIdentifier = "Xcode.DebuggerFoundation.Launcher.LLDB"
      launchStyle = "0"
      useCustomWorkingDirectory = "NO"
      ignoresPersistentStateOnLaunch = "NO"
      debugDocumentVersioning = "YES"
      debugServiceExtension = "internal"
      allowLocationSimulation = "YES">
      <BuildableProductRunnable
         runnableDebuggingMode = "0">
         <BuildableReference
            BuildableIdentifier = "primary"
            BlueprintIdentifier = "36C458B52B7421100060355F"
            BuildableName = "pods.app"
            BlueprintName = "pods"
            ReferencedContainer = "container:pods.xcodeproj">
         </BuildableReference>
      </BuildableProductRunnable>
      <EnvironmentVariables>
         <EnvironmentVariable
            key = "SPEECH_KEY"
            value = "53f5aa944b9d4eb69bdf0dc1d90098ed"
            isEnabled = "YES">
         </EnvironmentVariable>
         <EnvironmentVariable
            key = "SPEECH_REGION"
            value = "eastus"
            isEnabled = "YES">
         </EnvironmentVariable>
         <EnvironmentVariable
            key = "BLOB_CONTAINER"
            value = "video-elements"
            isEnabled = "YES">
         </EnvironmentVariable>
         <EnvironmentVariable
            key = "BLOB_NAME"
            value = "storagehumuli"
            isEnabled = "YES">
         </EnvironmentVariable>
         <EnvironmentVariable
            key = "SAS_TOKEN"
            value = "sv=2022-11-02&amp;ss=bfqt&amp;srt=sco&amp;sp=rwdlacupiyx&amp;se=2025-03-08T07:13:23Z&amp;st=2024-03-08T23:13:23Z&amp;spr=https,http&amp;sig=T0VZghopHCB%2Fkc9Vpn4czFhFhUs2Dt1%2BCU5MErM5D4w%3D"
            isEnabled = "YES">
         </EnvironmentVariable>
         <EnvironmentVariable
            key = "BLOB_URL"
            value = "https://storagehumuli.blob.core.windows.net/?sv=2022-11-02&amp;ss=bfqt&amp;srt=sco&amp;sp=rwdlacupiyx&amp;se=2025-03-08T07:13:23Z&amp;st=2024-03-08T23:13:23Z&amp;spr=https,http&amp;sig=T0VZghopHCB%2Fkc9Vpn4czFhFhUs2Dt1%2BCU5MErM5D4w%3D"
            isEnabled = "YES">
         </EnvironmentVariable>
         <EnvironmentVariable
            key = "FILE_SAS_URL"
            value = "https://storagehumuli.file.core.windows.net/?sv=2022-11-02&amp;ss=bfqt&amp;srt=sco&amp;sp=rwdlacupiyx&amp;se=2025-03-08T07:13:23Z&amp;st=2024-03-08T23:13:23Z&amp;spr=https,http&amp;sig=T0VZghopHCB%2Fkc9Vpn4czFhFhUs2Dt1%2BCU5MErM5D4w%3D"
            isEnabled = "YES">
         </EnvironmentVariable>
         <EnvironmentVariable
            key = "QUEUE_SAS_URL"
            value = "https://storagehumuli.queue.core.windows.net/?sv=2022-11-02&amp;ss=bfqt&amp;srt=sco&amp;sp=rwdlacupiyx&amp;se=2025-03-08T07:13:23Z&amp;st=2024-03-08T23:13:23Z&amp;spr=https,http&amp;sig=T0VZghopHCB%2Fkc9Vpn4czFhFhUs2Dt1%2BCU5MErM5D4w%3D"
            isEnabled = "YES">
         </EnvironmentVariable>
         <EnvironmentVariable
            key = "TABLE_SAS_URL"
            value = "https://storagehumuli.table.core.windows.net/?sv=2022-11-02&amp;ss=bfqt&amp;srt=sco&amp;sp=rwdlacupiyx&amp;se=2025-03-08T07:13:23Z&amp;st=2024-03-08T23:13:23Z&amp;spr=https,http&amp;sig=T0VZghopHCB%2Fkc9Vpn4czFhFhUs2Dt1%2BCU5MErM5D4w%3D"
            isEnabled = "YES">
         </EnvironmentVariable>
         <EnvironmentVariable
            key = "CONN_STRING"
            value = "BlobEndpoint=https://storagehumuli.blob.core.windows.net/;QueueEndpoint=https://storagehumuli.queue.core.windows.net/;FileEndpoint=https://storagehumuli.file.core.windows.net/;TableEndpoint=https://storagehumuli.table.core.windows.net/;SharedAccessSignature=sv=2022-11-02&amp;ss=bfqt&amp;srt=sco&amp;sp=rwdlacupiyx&amp;se=2025-03-08T07:13:23Z&amp;st=2024-03-08T23:13:23Z&amp;spr=https,http&amp;sig=T0VZghopHCB%2Fkc9Vpn4czFhFhUs2Dt1%2BCU5MErM5D4w%3D"
            isEnabled = "YES">
         </EnvironmentVariable>
         <EnvironmentVariable
            key = "IDEPreferLogStreaming"
            value = "YES"
            isEnabled = "YES">
         </EnvironmentVariable>
      </EnvironmentVariables>
   </LaunchAction>
   <ProfileAction
      buildConfiguration = "Release"
      shouldUseLaunchSchemeArgsEnv = "YES"
      savedToolIdentifier = ""
      useCustomWorkingDirectory = "NO"
      debugDocumentVersioning = "YES">
      <BuildableProductRunnable
         runnableDebuggingMode = "0">
         <BuildableReference
            BuildableIdentifier = "primary"
            BlueprintIdentifier = "36C458B52B7421100060355F"
            BuildableName = "pods.app"
            BlueprintName = "pods"
            ReferencedContainer = "container:pods.xcodeproj">
         </BuildableReference>
      </BuildableProductRunnable>
   </ProfileAction>
   <AnalyzeAction
      buildConfiguration = "Debug">
   </AnalyzeAction>
   <ArchiveAction
      buildConfiguration = "Release"
      revealArchiveInOrganizer = "YES">
   </ArchiveAction>
</Scheme>
