<?xml version="1.0" encoding="UTF-8"?>
<Scheme
   LastUpgradeVersion = "1510"
   version = "1.7">
   <BuildAction
      parallelizeBuildables = "YES"
      buildImplicitDependencies = "YES">
      <BuildActionEntries>
         <BuildActionEntry
            buildForTesting = "YES"
            buildForRunning = "YES"
            buildForProfiling = "YES"
            buildForArchiving = "YES"
            buildForAnalyzing = "YES">
            <BuildableReference
               BuildableIdentifier = "primary"
               BlueprintIdentifier = "36C458B52B7421100060355F"
               BuildableName = "pods.app"
               BlueprintName = "pods"
               ReferencedContainer = "container:pods.xcodeproj">
            </BuildableReference>
         </BuildActionEntry>
      </BuildActionEntries>
   </BuildAction>
   <TestAction
      buildConfiguration = "Debug"
      selectedDebuggerIdentifier = "Xcode.DebuggerFoundation.Debugger.LLDB"
      selectedLauncherIdentifier = "Xcode.DebuggerFoundation.Launcher.LLDB"
      shouldUseLaunchSchemeArgsEnv = "YES"
      shouldAutocreateTestPlan = "YES">
      <Testables>
         <TestableReference
            skipped = "NO"
            parallelizable = "YES">
            <BuildableReference
               BuildableIdentifier = "primary"
               BlueprintIdentifier = "36C458C52B7421110060355F"
               BuildableName = "podsTests.xctest"
               BlueprintName = "podsTests"
               ReferencedContainer = "container:pods.xcodeproj">
            </BuildableReference>
         </TestableReference>
         <TestableReference
            skipped = "NO"
            parallelizable = "YES">
            <BuildableReference
               BuildableIdentifier = "primary"
               BlueprintIdentifier = "36C458CF2B7421110060355F"
               BuildableName = "podsUITests.xctest"
               BlueprintName = "podsUITests"
               ReferencedContainer = "container:pods.xcodeproj">
            </BuildableReference>
         </TestableReference>
      </Testables>
   </TestAction>
   <LaunchAction
      buildConfiguration = "Debug"
      selectedDebuggerIdentifier = "Xcode.DebuggerFoundation.Debugger.LLDB"
      selectedLauncherIdentifier = "Xcode.DebuggerFoundation.Launcher.LLDB"
      launchStyle = "0"
      useCustomWorkingDirectory = "NO"
      ignoresPersistentStateOnLaunch = "NO"
      debugDocumentVersioning = "YES"
      debugServiceExtension = "internal"
      allowLocationSimulation = "YES">
      <BuildableProductRunnable
         runnableDebuggingMode = "0">
         <BuildableReference
            BuildableIdentifier = "primary"
            BlueprintIdentifier = "36C458B52B7421100060355F"
            BuildableName = "pods.app"
            BlueprintName = "pods"
            ReferencedContainer = "container:pods.xcodeproj">
         </BuildableReference>
      </BuildableProductRunnable>
      <EnvironmentVariables>
         <EnvironmentVariable
            key = "SPEECH_KEY"
            value = "53f5aa944b9d4eb69bdf0dc1d90098ed"
            isEnabled = "YES">
         </EnvironmentVariable>
         <EnvironmentVariable
            key = "SPEECH_REGION"
            value = "eastus"
            isEnabled = "YES">
         </EnvironmentVariable>
         <EnvironmentVariable
            key = "BLOB_CONTAINER"
            value = "videos"
            isEnabled = "YES">
         </EnvironmentVariable>
         <EnvironmentVariable
            key = "BLOB_NAME"
            value = "humulipremiumstorage"
            isEnabled = "YES">
         </EnvironmentVariable>
         <EnvironmentVariable
            key = "SAS_TOKEN"
            value = "sv=2022-11-02&amp;ss=b&amp;srt=sco&amp;sp=rwdlaciytfx&amp;se=2025-03-14T09:21:57Z&amp;st=2024-03-15T01:21:57Z&amp;spr=https,http&amp;sig=hLtGGHRtMebT%2Bqv93ud020s46QcCYOdT9Tw2R%2BIRKP4%3D"
            isEnabled = "YES">
         </EnvironmentVariable>
         <EnvironmentVariable
            key = "BLOB_URL"
            value = "https://humulipremiumstorage.blob.core.windows.net/?sv=2022-11-02&amp;ss=b&amp;srt=sco&amp;sp=rwdlaciytfx&amp;se=2025-03-14T09:21:57Z&amp;st=2024-03-15T01:21:57Z&amp;spr=https,http&amp;sig=hLtGGHRtMebT%2Bqv93ud020s46QcCYOdT9Tw2R%2BIRKP4%3D"
            isEnabled = "YES">
         </EnvironmentVariable>
         <EnvironmentVariable
            key = "FILE_SAS_URL"
            value = "https://humulipremiumstorage.blob.core.windows.net/?sv=2022-11-02&amp;ss=b&amp;srt=sco&amp;sp=rwdlaciytfx&amp;se=2024-03-15T00:00:30Z&amp;st=2024-03-14T16:00:30Z&amp;spr=https,http&amp;sig=1k0Op1b%2F6h3ZFv8oTC4JAJALVP69hnHOXLxXl4DCX%2BU%3D"
            isEnabled = "YES">
         </EnvironmentVariable>
         <EnvironmentVariable
            key = "QUEUE_SAS_URL"
            value = "https://storagehumuli.queue.core.windows.net/?sv=2022-11-02&amp;ss=bfqt&amp;srt=sco&amp;sp=rwdlacupiyx&amp;se=2025-03-08T07:13:23Z&amp;st=2024-03-08T23:13:23Z&amp;spr=https,http&amp;sig=T0VZghopHCB%2Fkc9Vpn4czFhFhUs2Dt1%2BCU5MErM5D4w%3D"
            isEnabled = "YES">
         </EnvironmentVariable>
         <EnvironmentVariable
            key = "TABLE_SAS_URL"
            value = "https://storagehumuli.table.core.windows.net/?sv=2022-11-02&amp;ss=bfqt&amp;srt=sco&amp;sp=rwdlacupiyx&amp;se=2025-03-08T07:13:23Z&amp;st=2024-03-08T23:13:23Z&amp;spr=https,http&amp;sig=T0VZghopHCB%2Fkc9Vpn4czFhFhUs2Dt1%2BCU5MErM5D4w%3D"
            isEnabled = "YES">
         </EnvironmentVariable>
         <EnvironmentVariable
            key = "CONN_STRING"
            value = "BlobEndpoint=https://humulipremiumstorage.blob.core.windows.net/;SharedAccessSignature=sv=2022-11-02&amp;ss=b&amp;srt=sco&amp;sp=rwdlaciytfx&amp;se=2025-03-14T09:21:57Z&amp;st=2024-03-15T01:21:57Z&amp;spr=https,http&amp;sig=hLtGGHRtMebT%2Bqv93ud020s46QcCYOdT9Tw2R%2BIRKP4%3D"
            isEnabled = "YES">
         </EnvironmentVariable>
         <EnvironmentVariable
            key = "IDEPreferLogStreaming"
            value = "YES"
            isEnabled = "YES">
         </EnvironmentVariable>
         <EnvironmentVariable
            key = "GOOGLE_CLIENT_ID"
            value = "499226633317-ushdhusm5di8eee2b1qm1ah335pqrq0h.apps.googleusercontent.com"
            isEnabled = "YES">
         </EnvironmentVariable>
         <EnvironmentVariable
            key = "BLOB_NAME_EASTUS"
            value = "humulipremiumstorage"
            isEnabled = "YES">
         </EnvironmentVariable>
         <EnvironmentVariable
            key = "BLOB_NAME_CENTRALUS"
            value = "humulistoragecentral"
            isEnabled = "YES">
         </EnvironmentVariable>
         <EnvironmentVariable
            key = "BLOB_NAME_WESTUS"
            value = "humulistoragewest"
            isEnabled = "YES">
         </EnvironmentVariable>
         <EnvironmentVariable
            key = "CONN_STRING_EASTUS"
            value = "BlobEndpoint=https://humulipremiumstorage.blob.core.windows.net/;SharedAccessSignature=sv=2022-11-02&amp;ss=b&amp;srt=sco&amp;sp=rwdlaciytfx&amp;se=2025-03-14T09:21:57Z&amp;st=2024-03-15T01:21:57Z&amp;spr=https,http&amp;sig=hLtGGHRtMebT%2Bqv93ud020s46QcCYOdT9Tw2R%2BIRKP4%3D"
            isEnabled = "YES">
         </EnvironmentVariable>
         <EnvironmentVariable
            key = "CONN_STRING_WESTUS"
            value = "BlobEndpoint=https://humulistoragewest.blob.core.windows.net/;SharedAccessSignature=sv=2022-11-02&amp;ss=b&amp;srt=sco&amp;sp=rwdlaciytfx&amp;se=2024-06-17T07:57:43Z&amp;st=2024-06-16T23:57:43Z&amp;spr=https&amp;sig=1xJ26c6G%2FFWoviG9biwvSRhICiP2ykq9iA1oXki1Wos%3D"
            isEnabled = "YES">
         </EnvironmentVariable>
         <EnvironmentVariable
            key = "CONN_STRING_CENTRALUS"
            value = "BlobEndpoint=https://humulistoragecentral.blob.core.windows.net/;SharedAccessSignature=sv=2022-11-02&amp;ss=b&amp;srt=sco&amp;sp=rwdlaciytfx&amp;se=2024-06-17T07:55:51Z&amp;st=2024-06-16T23:55:51Z&amp;spr=https&amp;sig=2oSf9%2BFv9K%2FmAjuKRUK9pfyaO9HFcBwz1Oqnt2XFdkU%3D"
            isEnabled = "YES">
         </EnvironmentVariable>
         <EnvironmentVariable
            key = "SAS_TOKEN_CENTRALUS"
            value = "sv=2022-11-02&amp;ss=b&amp;srt=sco&amp;sp=rwdlaciytfx&amp;se=2024-06-17T07:55:51Z&amp;st=2024-06-16T23:55:51Z&amp;spr=https&amp;sig=2oSf9%2BFv9K%2FmAjuKRUK9pfyaO9HFcBwz1Oqnt2XFdkU%3D"
            isEnabled = "YES">
         </EnvironmentVariable>
         <EnvironmentVariable
            key = "FILE_SAS_URL_CENTRALUS"
            value = "https://humulistoragecentral.blob.core.windows.net/?sv=2022-11-02&amp;ss=b&amp;srt=sco&amp;sp=rwdlaciytfx&amp;se=2024-06-17T07:55:51Z&amp;st=2024-06-16T23:55:51Z&amp;spr=https&amp;sig=2oSf9%2BFv9K%2FmAjuKRUK9pfyaO9HFcBwz1Oqnt2XFdkU%3D"
            isEnabled = "YES">
         </EnvironmentVariable>
         <EnvironmentVariable
            key = "SAS_TOKEN_WESTUS"
            value = "sv=2022-11-02&amp;ss=b&amp;srt=sco&amp;sp=rwdlaciytfx&amp;se=2024-06-17T07:57:43Z&amp;st=2024-06-16T23:57:43Z&amp;spr=https&amp;sig=1xJ26c6G%2FFWoviG9biwvSRhICiP2ykq9iA1oXki1Wos%3D"
            isEnabled = "YES">
         </EnvironmentVariable>
         <EnvironmentVariable
            key = "FILE_SAS_URL_WESTUS"
            value = "https://humulistoragewest.blob.core.windows.net/?sv=2022-11-02&amp;ss=b&amp;srt=sco&amp;sp=rwdlaciytfx&amp;se=2024-06-17T07:57:43Z&amp;st=2024-06-16T23:57:43Z&amp;spr=https&amp;sig=1xJ26c6G%2FFWoviG9biwvSRhICiP2ykq9iA1oXki1Wos%3D"
            isEnabled = "YES">
         </EnvironmentVariable>
         <EnvironmentVariable
            key = "FILE_SAS_URL_EASTUS"
            value = "https://humulipremiumstorage.blob.core.windows.net/?sv=2022-11-02&amp;ss=b&amp;srt=sco&amp;sp=rwdlaciytfx&amp;se=2024-03-15T00:00:30Z&amp;st=2024-03-14T16:00:30Z&amp;spr=https,http&amp;sig=1k0Op1b%2F6h3ZFv8oTC4JAJALVP69hnHOXLxXl4DCX%2BU%3D"
            isEnabled = "YES">
         </EnvironmentVariable>
         <EnvironmentVariable
            key = "SAS_TOKEN_EASTUS"
            value = "sv=2022-11-02&amp;ss=b&amp;srt=sco&amp;sp=rwdlaciytfx&amp;se=2025-03-14T09:21:57Z&amp;st=2024-03-15T01:21:57Z&amp;spr=https,http&amp;sig=hLtGGHRtMebT%2Bqv93ud020s46QcCYOdT9Tw2R%2BIRKP4%3D"
            isEnabled = "YES">
         </EnvironmentVariable>
      </EnvironmentVariables>
   </LaunchAction>
   <ProfileAction
      buildConfiguration = "Release"
      shouldUseLaunchSchemeArgsEnv = "YES"
      savedToolIdentifier = ""
      useCustomWorkingDirectory = "NO"
      debugDocumentVersioning = "YES">
      <BuildableProductRunnable
         runnableDebuggingMode = "0">
         <BuildableReference
            BuildableIdentifier = "primary"
            BlueprintIdentifier = "36C458B52B7421100060355F"
            BuildableName = "pods.app"
            BlueprintName = "pods"
            ReferencedContainer = "container:pods.xcodeproj">
         </BuildableReference>
      </BuildableProductRunnable>
   </ProfileAction>
   <AnalyzeAction
      buildConfiguration = "Debug">
   </AnalyzeAction>
   <ArchiveAction
      buildConfiguration = "Release"
      revealArchiveInOrganizer = "YES">
   </ArchiveAction>
</Scheme>
